// !$*UTF8*$!
{
	archiveVersion = 1;
	classes = {
	};
	objectVersion = 51;
	objects = {

/* Begin PBXBuildFile section */
		4B4A254026321F6F0084131A /* TeamDetailsViewController.swift in Sources */ = {isa = PBXBuildFile; fileRef = 4B4A253F26321F6F0084131A /* TeamDetailsViewController.swift */; };
		961D4C412631C74F00400991 /* UpCommingCollectionViewCell.swift in Sources */ = {isa = PBXBuildFile; fileRef = 961D4C3D2631C74C00400991 /* UpCommingCollectionViewCell.swift */; };
		961D4C422631C74F00400991 /* LastEventesTableViewCell.swift in Sources */ = {isa = PBXBuildFile; fileRef = 961D4C3E2631C74D00400991 /* LastEventesTableViewCell.swift */; };
		961D4C432631C74F00400991 /* TeamsCollectionViewCell.swift in Sources */ = {isa = PBXBuildFile; fileRef = 961D4C3F2631C74E00400991 /* TeamsCollectionViewCell.swift */; };
		961D4C462631C7FF00400991 /* LastEvents.swift in Sources */ = {isa = PBXBuildFile; fileRef = 961D4C452631C7FF00400991 /* LastEvents.swift */; };
		961D4C492631FA9E00400991 /* LeagueEventsViewModel.swift in Sources */ = {isa = PBXBuildFile; fileRef = 961D4C482631FA9D00400991 /* LeagueEventsViewModel.swift */; };
		961D4C4C263200D800400991 /* LastUpcommingEvents.swift in Sources */ = {isa = PBXBuildFile; fileRef = 961D4C4A263200D700400991 /* LastUpcommingEvents.swift */; };
		961D4C4D263200D800400991 /* Events.swift in Sources */ = {isa = PBXBuildFile; fileRef = 961D4C4B263200D700400991 /* Events.swift */; };
		961D4C522632274400400991 /* LeagueTeams.swift in Sources */ = {isa = PBXBuildFile; fileRef = 961D4C502632274400400991 /* LeagueTeams.swift */; };
		961D4C532632274400400991 /* Teams.swift in Sources */ = {isa = PBXBuildFile; fileRef = 961D4C512632274400400991 /* Teams.swift */; };
		961D4C5926324A5B00400991 /* LeagueEventsViewController.swift in Sources */ = {isa = PBXBuildFile; fileRef = 961D4C5826324A5B00400991 /* LeagueEventsViewController.swift */; };
		963406BA262E103900952BC8 /* AppDelegate.swift in Sources */ = {isa = PBXBuildFile; fileRef = 963406B9262E103900952BC8 /* AppDelegate.swift */; };
		963406BC262E103900952BC8 /* SceneDelegate.swift in Sources */ = {isa = PBXBuildFile; fileRef = 963406BB262E103900952BC8 /* SceneDelegate.swift */; };
		963406BE262E103900952BC8 /* ViewController.swift in Sources */ = {isa = PBXBuildFile; fileRef = 963406BD262E103900952BC8 /* ViewController.swift */; };
		963406C1262E103900952BC8 /* Main.storyboard in Resources */ = {isa = PBXBuildFile; fileRef = 963406BF262E103900952BC8 /* Main.storyboard */; };
		963406C4262E103900952BC8 /* SportsApp.xcdatamodeld in Sources */ = {isa = PBXBuildFile; fileRef = 963406C2262E103900952BC8 /* SportsApp.xcdatamodeld */; };
		963406C6262E103D00952BC8 /* Assets.xcassets in Resources */ = {isa = PBXBuildFile; fileRef = 963406C5262E103D00952BC8 /* Assets.xcassets */; };
		963406C9262E103D00952BC8 /* LaunchScreen.storyboard in Resources */ = {isa = PBXBuildFile; fileRef = 963406C7262E103D00952BC8 /* LaunchScreen.storyboard */; };
		963406D4262E103E00952BC8 /* SportsAppTests.swift in Sources */ = {isa = PBXBuildFile; fileRef = 963406D3262E103E00952BC8 /* SportsAppTests.swift */; };
		963406DF262E103E00952BC8 /* SportsAppUITests.swift in Sources */ = {isa = PBXBuildFile; fileRef = 963406DE262E103E00952BC8 /* SportsAppUITests.swift */; };
		965CCFB9262F361B009D9D1D /* FavoriteTableViewController.swift in Sources */ = {isa = PBXBuildFile; fileRef = 965CCFB8262F361B009D9D1D /* FavoriteTableViewController.swift */; };
		965CCFBB262F36B8009D9D1D /* FavoriteTableViewCell.swift in Sources */ = {isa = PBXBuildFile; fileRef = 965CCFBA262F36B8009D9D1D /* FavoriteTableViewCell.swift */; };
		965CCFC1262F502A009D9D1D /* SportsApiServies.swift in Sources */ = {isa = PBXBuildFile; fileRef = 965CCFC0262F502A009D9D1D /* SportsApiServies.swift */; };
		96D52F5E263077F300DFF9AE /* LeagueTableViewController.swift in Sources */ = {isa = PBXBuildFile; fileRef = 96D52F5D263077F300DFF9AE /* LeagueTableViewController.swift */; };
		96D52F6126307A4C00DFF9AE /* AllSports.swift in Sources */ = {isa = PBXBuildFile; fileRef = 96D52F6026307A4C00DFF9AE /* AllSports.swift */; };
		96D52F6326307D7000DFF9AE /* URLs.swift in Sources */ = {isa = PBXBuildFile; fileRef = 96D52F6226307D7000DFF9AE /* URLs.swift */; };
		96D52F662630C74100DFF9AE /* AllSportsViewController.swift in Sources */ = {isa = PBXBuildFile; fileRef = 96D52F642630C74000DFF9AE /* AllSportsViewController.swift */; };
		96D52F672630C74100DFF9AE /* SportCollectionViewCell.swift in Sources */ = {isa = PBXBuildFile; fileRef = 96D52F652630C74100DFF9AE /* SportCollectionViewCell.swift */; };
		96D52F692630CD4200DFF9AE /* SportObj.swift in Sources */ = {isa = PBXBuildFile; fileRef = 96D52F682630CD4100DFF9AE /* SportObj.swift */; };
		96E4BA58262FA5B300104A79 /* Countrys.swift in Sources */ = {isa = PBXBuildFile; fileRef = 96E4BA56262FA5B200104A79 /* Countrys.swift */; };
		96E4BA59262FA5B300104A79 /* Json4Swift_Base.swift in Sources */ = {isa = PBXBuildFile; fileRef = 96E4BA57262FA5B300104A79 /* Json4Swift_Base.swift */; };
		96E4BA5B262FA62800104A79 /* NetworkMonitor.swift in Sources */ = {isa = PBXBuildFile; fileRef = 96E4BA5A262FA62800104A79 /* NetworkMonitor.swift */; };
		E4167F26AAC7EDCDF568AA6B /* Pods_SportsApp.framework in Frameworks */ = {isa = PBXBuildFile; fileRef = 80FF36AAF84A1D0C1DC22270 /* Pods_SportsApp.framework */; };
		EE5E4916CFE2B1F6C29751F8 /* Pods_SportsAppTests.framework in Frameworks */ = {isa = PBXBuildFile; fileRef = 5FA862811170C770BA645C0E /* Pods_SportsAppTests.framework */; };
		FD1BD31C772FDDF76B0B6E7F /* Pods_SportsApp_SportsAppUITests.framework in Frameworks */ = {isa = PBXBuildFile; fileRef = 994B06D587E8E7F3169A3457 /* Pods_SportsApp_SportsAppUITests.framework */; };
/* End PBXBuildFile section */

/* Begin PBXContainerItemProxy section */
		963406D0262E103E00952BC8 /* PBXContainerItemProxy */ = {
			isa = PBXContainerItemProxy;
			containerPortal = 963406AE262E103800952BC8 /* Project object */;
			proxyType = 1;
			remoteGlobalIDString = 963406B5262E103800952BC8;
			remoteInfo = SportsApp;
		};
		963406DB262E103E00952BC8 /* PBXContainerItemProxy */ = {
			isa = PBXContainerItemProxy;
			containerPortal = 963406AE262E103800952BC8 /* Project object */;
			proxyType = 1;
			remoteGlobalIDString = 963406B5262E103800952BC8;
			remoteInfo = SportsApp;
		};
/* End PBXContainerItemProxy section */

/* Begin PBXFileReference section */
		094B81CD76F73A3ECE549E6C /* Pods-SportsApp-SportsAppUITests.release.xcconfig */ = {isa = PBXFileReference; includeInIndex = 1; lastKnownFileType = text.xcconfig; name = "Pods-SportsApp-SportsAppUITests.release.xcconfig"; path = "Target Support Files/Pods-SportsApp-SportsAppUITests/Pods-SportsApp-SportsAppUITests.release.xcconfig"; sourceTree = "<group>"; };
		12714987AAF47FC939D217CF /* Pods-SportsAppTests.debug.xcconfig */ = {isa = PBXFileReference; includeInIndex = 1; lastKnownFileType = text.xcconfig; name = "Pods-SportsAppTests.debug.xcconfig"; path = "Target Support Files/Pods-SportsAppTests/Pods-SportsAppTests.debug.xcconfig"; sourceTree = "<group>"; };
		4B4A253F26321F6F0084131A /* TeamDetailsViewController.swift */ = {isa = PBXFileReference; lastKnownFileType = sourcecode.swift; path = TeamDetailsViewController.swift; sourceTree = "<group>"; };
		4E59323A975CA6B20A21433F /* Pods-SportsApp.debug.xcconfig */ = {isa = PBXFileReference; includeInIndex = 1; lastKnownFileType = text.xcconfig; name = "Pods-SportsApp.debug.xcconfig"; path = "Target Support Files/Pods-SportsApp/Pods-SportsApp.debug.xcconfig"; sourceTree = "<group>"; };
		5FA862811170C770BA645C0E /* Pods_SportsAppTests.framework */ = {isa = PBXFileReference; explicitFileType = wrapper.framework; includeInIndex = 0; path = Pods_SportsAppTests.framework; sourceTree = BUILT_PRODUCTS_DIR; };
		80FF36AAF84A1D0C1DC22270 /* Pods_SportsApp.framework */ = {isa = PBXFileReference; explicitFileType = wrapper.framework; includeInIndex = 0; path = Pods_SportsApp.framework; sourceTree = BUILT_PRODUCTS_DIR; };
		961D4C3D2631C74C00400991 /* UpCommingCollectionViewCell.swift */ = {isa = PBXFileReference; fileEncoding = 4; lastKnownFileType = sourcecode.swift; path = UpCommingCollectionViewCell.swift; sourceTree = "<group>"; };
		961D4C3E2631C74D00400991 /* LastEventesTableViewCell.swift */ = {isa = PBXFileReference; fileEncoding = 4; lastKnownFileType = sourcecode.swift; path = LastEventesTableViewCell.swift; sourceTree = "<group>"; };
		961D4C3F2631C74E00400991 /* TeamsCollectionViewCell.swift */ = {isa = PBXFileReference; fileEncoding = 4; lastKnownFileType = sourcecode.swift; path = TeamsCollectionViewCell.swift; sourceTree = "<group>"; };
		961D4C452631C7FF00400991 /* LastEvents.swift */ = {isa = PBXFileReference; fileEncoding = 4; lastKnownFileType = sourcecode.swift; path = LastEvents.swift; sourceTree = "<group>"; };
		961D4C482631FA9D00400991 /* LeagueEventsViewModel.swift */ = {isa = PBXFileReference; lastKnownFileType = sourcecode.swift; path = LeagueEventsViewModel.swift; sourceTree = "<group>"; };
		961D4C4A263200D700400991 /* LastUpcommingEvents.swift */ = {isa = PBXFileReference; fileEncoding = 4; lastKnownFileType = sourcecode.swift; path = LastUpcommingEvents.swift; sourceTree = "<group>"; };
		961D4C4B263200D700400991 /* Events.swift */ = {isa = PBXFileReference; fileEncoding = 4; lastKnownFileType = sourcecode.swift; path = Events.swift; sourceTree = "<group>"; };
		961D4C502632274400400991 /* LeagueTeams.swift */ = {isa = PBXFileReference; fileEncoding = 4; lastKnownFileType = sourcecode.swift; path = LeagueTeams.swift; sourceTree = "<group>"; };
		961D4C512632274400400991 /* Teams.swift */ = {isa = PBXFileReference; fileEncoding = 4; lastKnownFileType = sourcecode.swift; path = Teams.swift; sourceTree = "<group>"; };
		961D4C5826324A5B00400991 /* LeagueEventsViewController.swift */ = {isa = PBXFileReference; fileEncoding = 4; lastKnownFileType = sourcecode.swift; path = LeagueEventsViewController.swift; sourceTree = "<group>"; };
		963406B6262E103900952BC8 /* SportsApp.app */ = {isa = PBXFileReference; explicitFileType = wrapper.application; includeInIndex = 0; path = SportsApp.app; sourceTree = BUILT_PRODUCTS_DIR; };
		963406B9262E103900952BC8 /* AppDelegate.swift */ = {isa = PBXFileReference; lastKnownFileType = sourcecode.swift; path = AppDelegate.swift; sourceTree = "<group>"; };
		963406BB262E103900952BC8 /* SceneDelegate.swift */ = {isa = PBXFileReference; lastKnownFileType = sourcecode.swift; path = SceneDelegate.swift; sourceTree = "<group>"; };
		963406BD262E103900952BC8 /* ViewController.swift */ = {isa = PBXFileReference; lastKnownFileType = sourcecode.swift; path = ViewController.swift; sourceTree = "<group>"; };
		963406C0262E103900952BC8 /* Base */ = {isa = PBXFileReference; lastKnownFileType = file.storyboard; name = Base; path = Base.lproj/Main.storyboard; sourceTree = "<group>"; };
		963406C3262E103900952BC8 /* SportsApp.xcdatamodel */ = {isa = PBXFileReference; lastKnownFileType = wrapper.xcdatamodel; path = SportsApp.xcdatamodel; sourceTree = "<group>"; };
		963406C5262E103D00952BC8 /* Assets.xcassets */ = {isa = PBXFileReference; lastKnownFileType = folder.assetcatalog; path = Assets.xcassets; sourceTree = "<group>"; };
		963406C8262E103D00952BC8 /* Base */ = {isa = PBXFileReference; lastKnownFileType = file.storyboard; name = Base; path = Base.lproj/LaunchScreen.storyboard; sourceTree = "<group>"; };
		963406CA262E103D00952BC8 /* Info.plist */ = {isa = PBXFileReference; lastKnownFileType = text.plist.xml; path = Info.plist; sourceTree = "<group>"; };
		963406CF262E103E00952BC8 /* SportsAppTests.xctest */ = {isa = PBXFileReference; explicitFileType = wrapper.cfbundle; includeInIndex = 0; path = SportsAppTests.xctest; sourceTree = BUILT_PRODUCTS_DIR; };
		963406D3262E103E00952BC8 /* SportsAppTests.swift */ = {isa = PBXFileReference; lastKnownFileType = sourcecode.swift; path = SportsAppTests.swift; sourceTree = "<group>"; };
		963406D5262E103E00952BC8 /* Info.plist */ = {isa = PBXFileReference; lastKnownFileType = text.plist.xml; path = Info.plist; sourceTree = "<group>"; };
		963406DA262E103E00952BC8 /* SportsAppUITests.xctest */ = {isa = PBXFileReference; explicitFileType = wrapper.cfbundle; includeInIndex = 0; path = SportsAppUITests.xctest; sourceTree = BUILT_PRODUCTS_DIR; };
		963406DE262E103E00952BC8 /* SportsAppUITests.swift */ = {isa = PBXFileReference; lastKnownFileType = sourcecode.swift; path = SportsAppUITests.swift; sourceTree = "<group>"; };
		963406E0262E103E00952BC8 /* Info.plist */ = {isa = PBXFileReference; lastKnownFileType = text.plist.xml; path = Info.plist; sourceTree = "<group>"; };
		965CCFB8262F361B009D9D1D /* FavoriteTableViewController.swift */ = {isa = PBXFileReference; lastKnownFileType = sourcecode.swift; path = FavoriteTableViewController.swift; sourceTree = "<group>"; };
		965CCFBA262F36B8009D9D1D /* FavoriteTableViewCell.swift */ = {isa = PBXFileReference; lastKnownFileType = sourcecode.swift; path = FavoriteTableViewCell.swift; sourceTree = "<group>"; };
		965CCFC0262F502A009D9D1D /* SportsApiServies.swift */ = {isa = PBXFileReference; lastKnownFileType = sourcecode.swift; path = SportsApiServies.swift; sourceTree = "<group>"; };
		96D52F5D263077F300DFF9AE /* LeagueTableViewController.swift */ = {isa = PBXFileReference; lastKnownFileType = sourcecode.swift; path = LeagueTableViewController.swift; sourceTree = "<group>"; };
		96D52F6026307A4C00DFF9AE /* AllSports.swift */ = {isa = PBXFileReference; lastKnownFileType = sourcecode.swift; path = AllSports.swift; sourceTree = "<group>"; };
		96D52F6226307D7000DFF9AE /* URLs.swift */ = {isa = PBXFileReference; lastKnownFileType = sourcecode.swift; path = URLs.swift; sourceTree = "<group>"; };
		96D52F642630C74000DFF9AE /* AllSportsViewController.swift */ = {isa = PBXFileReference; fileEncoding = 4; lastKnownFileType = sourcecode.swift; path = AllSportsViewController.swift; sourceTree = "<group>"; };
		96D52F652630C74100DFF9AE /* SportCollectionViewCell.swift */ = {isa = PBXFileReference; fileEncoding = 4; lastKnownFileType = sourcecode.swift; path = SportCollectionViewCell.swift; sourceTree = "<group>"; };
		96D52F682630CD4100DFF9AE /* SportObj.swift */ = {isa = PBXFileReference; lastKnownFileType = sourcecode.swift; path = SportObj.swift; sourceTree = "<group>"; };
		96E4BA56262FA5B200104A79 /* Countrys.swift */ = {isa = PBXFileReference; fileEncoding = 4; lastKnownFileType = sourcecode.swift; path = Countrys.swift; sourceTree = "<group>"; };
		96E4BA57262FA5B300104A79 /* Json4Swift_Base.swift */ = {isa = PBXFileReference; fileEncoding = 4; lastKnownFileType = sourcecode.swift; path = Json4Swift_Base.swift; sourceTree = "<group>"; };
		96E4BA5A262FA62800104A79 /* NetworkMonitor.swift */ = {isa = PBXFileReference; fileEncoding = 4; lastKnownFileType = sourcecode.swift; path = NetworkMonitor.swift; sourceTree = "<group>"; };
		994B06D587E8E7F3169A3457 /* Pods_SportsApp_SportsAppUITests.framework */ = {isa = PBXFileReference; explicitFileType = wrapper.framework; includeInIndex = 0; path = Pods_SportsApp_SportsAppUITests.framework; sourceTree = BUILT_PRODUCTS_DIR; };
		A2CA57772600851930112FE5 /* Pods-SportsApp-SportsAppUITests.debug.xcconfig */ = {isa = PBXFileReference; includeInIndex = 1; lastKnownFileType = text.xcconfig; name = "Pods-SportsApp-SportsAppUITests.debug.xcconfig"; path = "Target Support Files/Pods-SportsApp-SportsAppUITests/Pods-SportsApp-SportsAppUITests.debug.xcconfig"; sourceTree = "<group>"; };
		ACFDB77BE003D923B7C4CA24 /* Pods-SportsAppTests.release.xcconfig */ = {isa = PBXFileReference; includeInIndex = 1; lastKnownFileType = text.xcconfig; name = "Pods-SportsAppTests.release.xcconfig"; path = "Target Support Files/Pods-SportsAppTests/Pods-SportsAppTests.release.xcconfig"; sourceTree = "<group>"; };
		FE5B9785DD8BC9103235A94D /* Pods-SportsApp.release.xcconfig */ = {isa = PBXFileReference; includeInIndex = 1; lastKnownFileType = text.xcconfig; name = "Pods-SportsApp.release.xcconfig"; path = "Target Support Files/Pods-SportsApp/Pods-SportsApp.release.xcconfig"; sourceTree = "<group>"; };
/* End PBXFileReference section */

/* Begin PBXFrameworksBuildPhase section */
		963406B3262E103800952BC8 /* Frameworks */ = {
			isa = PBXFrameworksBuildPhase;
			buildActionMask = 2147483647;
			files = (
				E4167F26AAC7EDCDF568AA6B /* Pods_SportsApp.framework in Frameworks */,
			);
			runOnlyForDeploymentPostprocessing = 0;
		};
		963406CC262E103E00952BC8 /* Frameworks */ = {
			isa = PBXFrameworksBuildPhase;
			buildActionMask = 2147483647;
			files = (
				EE5E4916CFE2B1F6C29751F8 /* Pods_SportsAppTests.framework in Frameworks */,
			);
			runOnlyForDeploymentPostprocessing = 0;
		};
		963406D7262E103E00952BC8 /* Frameworks */ = {
			isa = PBXFrameworksBuildPhase;
			buildActionMask = 2147483647;
			files = (
				FD1BD31C772FDDF76B0B6E7F /* Pods_SportsApp_SportsAppUITests.framework in Frameworks */,
			);
			runOnlyForDeploymentPostprocessing = 0;
		};
/* End PBXFrameworksBuildPhase section */

/* Begin PBXGroup section */
		72A717AC3F2346FCE634B8AC /* Pods */ = {
			isa = PBXGroup;
			children = (
				4E59323A975CA6B20A21433F /* Pods-SportsApp.debug.xcconfig */,
				FE5B9785DD8BC9103235A94D /* Pods-SportsApp.release.xcconfig */,
				A2CA57772600851930112FE5 /* Pods-SportsApp-SportsAppUITests.debug.xcconfig */,
				094B81CD76F73A3ECE549E6C /* Pods-SportsApp-SportsAppUITests.release.xcconfig */,
				12714987AAF47FC939D217CF /* Pods-SportsAppTests.debug.xcconfig */,
				ACFDB77BE003D923B7C4CA24 /* Pods-SportsAppTests.release.xcconfig */,
			);
			path = Pods;
			sourceTree = "<group>";
		};
		961D4C472631FA6A00400991 /* ViewModels */ = {
			isa = PBXGroup;
			children = (
				961D4C482631FA9D00400991 /* LeagueEventsViewModel.swift */,
			);
			path = ViewModels;
			sourceTree = "<group>";
		};
		963406AD262E103800952BC8 = {
			isa = PBXGroup;
			children = (
				963406B8262E103900952BC8 /* SportsApp */,
				963406D2262E103E00952BC8 /* SportsAppTests */,
				963406DD262E103E00952BC8 /* SportsAppUITests */,
				963406B7262E103900952BC8 /* Products */,
				72A717AC3F2346FCE634B8AC /* Pods */,
				E21FA86142F9CEDF1B02FA00 /* Frameworks */,
			);
			sourceTree = "<group>";
		};
		963406B7262E103900952BC8 /* Products */ = {
			isa = PBXGroup;
			children = (
				963406B6262E103900952BC8 /* SportsApp.app */,
				963406CF262E103E00952BC8 /* SportsAppTests.xctest */,
				963406DA262E103E00952BC8 /* SportsAppUITests.xctest */,
			);
			name = Products;
			sourceTree = "<group>";
		};
		963406B8262E103900952BC8 /* SportsApp */ = {
			isa = PBXGroup;
			children = (
				961D4C5826324A5B00400991 /* LeagueEventsViewController.swift */,
				961D4C502632274400400991 /* LeagueTeams.swift */,
				961D4C512632274400400991 /* Teams.swift */,
				961D4C4B263200D700400991 /* Events.swift */,
				961D4C4A263200D700400991 /* LastUpcommingEvents.swift */,
				961D4C472631FA6A00400991 /* ViewModels */,
				961D4C452631C7FF00400991 /* LastEvents.swift */,
				961D4C3E2631C74D00400991 /* LastEventesTableViewCell.swift */,
				961D4C3F2631C74E00400991 /* TeamsCollectionViewCell.swift */,
				961D4C3D2631C74C00400991 /* UpCommingCollectionViewCell.swift */,
				96D52F642630C74000DFF9AE /* AllSportsViewController.swift */,
				96D52F652630C74100DFF9AE /* SportCollectionViewCell.swift */,
				96D52F5F263079ED00DFF9AE /* Constant */,
				96E4BA5A262FA62800104A79 /* NetworkMonitor.swift */,
				96E4BA56262FA5B200104A79 /* Countrys.swift */,
				96E4BA57262FA5B300104A79 /* Json4Swift_Base.swift */,
				963406B9262E103900952BC8 /* AppDelegate.swift */,
				963406BB262E103900952BC8 /* SceneDelegate.swift */,
				963406BD262E103900952BC8 /* ViewController.swift */,
				963406BF262E103900952BC8 /* Main.storyboard */,
				963406C5262E103D00952BC8 /* Assets.xcassets */,
				963406C7262E103D00952BC8 /* LaunchScreen.storyboard */,
				963406CA262E103D00952BC8 /* Info.plist */,
				963406C2262E103900952BC8 /* SportsApp.xcdatamodeld */,
				965CCFB8262F361B009D9D1D /* FavoriteTableViewController.swift */,
				965CCFBA262F36B8009D9D1D /* FavoriteTableViewCell.swift */,
				965CCFC0262F502A009D9D1D /* SportsApiServies.swift */,
				96D52F5D263077F300DFF9AE /* LeagueTableViewController.swift */,
				96D52F682630CD4100DFF9AE /* SportObj.swift */,
				4B4A253F26321F6F0084131A /* TeamDetailsViewController.swift */,
			);
			path = SportsApp;
			sourceTree = "<group>";
		};
		963406D2262E103E00952BC8 /* SportsAppTests */ = {
			isa = PBXGroup;
			children = (
				963406D3262E103E00952BC8 /* SportsAppTests.swift */,
				963406D5262E103E00952BC8 /* Info.plist */,
			);
			path = SportsAppTests;
			sourceTree = "<group>";
		};
		963406DD262E103E00952BC8 /* SportsAppUITests */ = {
			isa = PBXGroup;
			children = (
				963406DE262E103E00952BC8 /* SportsAppUITests.swift */,
				963406E0262E103E00952BC8 /* Info.plist */,
			);
			path = SportsAppUITests;
			sourceTree = "<group>";
		};
		96D52F5F263079ED00DFF9AE /* Constant */ = {
			isa = PBXGroup;
			children = (
				96D52F6026307A4C00DFF9AE /* AllSports.swift */,
				96D52F6226307D7000DFF9AE /* URLs.swift */,
			);
			path = Constant;
			sourceTree = "<group>";
		};
		E21FA86142F9CEDF1B02FA00 /* Frameworks */ = {
			isa = PBXGroup;
			children = (
				80FF36AAF84A1D0C1DC22270 /* Pods_SportsApp.framework */,
				994B06D587E8E7F3169A3457 /* Pods_SportsApp_SportsAppUITests.framework */,
				5FA862811170C770BA645C0E /* Pods_SportsAppTests.framework */,
			);
			name = Frameworks;
			sourceTree = "<group>";
		};
/* End PBXGroup section */

/* Begin PBXNativeTarget section */
		963406B5262E103800952BC8 /* SportsApp */ = {
			isa = PBXNativeTarget;
			buildConfigurationList = 963406E3262E103E00952BC8 /* Build configuration list for PBXNativeTarget "SportsApp" */;
			buildPhases = (
				4D9641B8CCED1F4AB408676B /* [CP] Check Pods Manifest.lock */,
				963406B2262E103800952BC8 /* Sources */,
				963406B3262E103800952BC8 /* Frameworks */,
				963406B4262E103800952BC8 /* Resources */,
				0836937E2FAAEB6395C1D574 /* [CP] Embed Pods Frameworks */,
			);
			buildRules = (
			);
			dependencies = (
			);
			name = SportsApp;
			productName = SportsApp;
			productReference = 963406B6262E103900952BC8 /* SportsApp.app */;
			productType = "com.apple.product-type.application";
		};
		963406CE262E103E00952BC8 /* SportsAppTests */ = {
			isa = PBXNativeTarget;
			buildConfigurationList = 963406E6262E103E00952BC8 /* Build configuration list for PBXNativeTarget "SportsAppTests" */;
			buildPhases = (
				A10627C078A7B0DADBA89B9B /* [CP] Check Pods Manifest.lock */,
				963406CB262E103E00952BC8 /* Sources */,
				963406CC262E103E00952BC8 /* Frameworks */,
				963406CD262E103E00952BC8 /* Resources */,
			);
			buildRules = (
			);
			dependencies = (
				963406D1262E103E00952BC8 /* PBXTargetDependency */,
			);
			name = SportsAppTests;
			productName = SportsAppTests;
			productReference = 963406CF262E103E00952BC8 /* SportsAppTests.xctest */;
			productType = "com.apple.product-type.bundle.unit-test";
		};
		963406D9262E103E00952BC8 /* SportsAppUITests */ = {
			isa = PBXNativeTarget;
			buildConfigurationList = 963406E9262E103E00952BC8 /* Build configuration list for PBXNativeTarget "SportsAppUITests" */;
			buildPhases = (
				1F13AB4587F6FB2EF8EBE9F2 /* [CP] Check Pods Manifest.lock */,
				963406D6262E103E00952BC8 /* Sources */,
				963406D7262E103E00952BC8 /* Frameworks */,
				963406D8262E103E00952BC8 /* Resources */,
				FF2E716D3A940AA39E9678B2 /* [CP] Embed Pods Frameworks */,
			);
			buildRules = (
			);
			dependencies = (
				963406DC262E103E00952BC8 /* PBXTargetDependency */,
			);
			name = SportsAppUITests;
			productName = SportsAppUITests;
			productReference = 963406DA262E103E00952BC8 /* SportsAppUITests.xctest */;
			productType = "com.apple.product-type.bundle.ui-testing";
		};
/* End PBXNativeTarget section */

/* Begin PBXProject section */
		963406AE262E103800952BC8 /* Project object */ = {
			isa = PBXProject;
			attributes = {
				LastSwiftUpdateCheck = 1100;
				LastUpgradeCheck = 1100;
				ORGANIZATIONNAME = tasneem;
				TargetAttributes = {
					963406B5262E103800952BC8 = {
						CreatedOnToolsVersion = 11.0;
					};
					963406CE262E103E00952BC8 = {
						CreatedOnToolsVersion = 11.0;
						TestTargetID = 963406B5262E103800952BC8;
					};
					963406D9262E103E00952BC8 = {
						CreatedOnToolsVersion = 11.0;
						TestTargetID = 963406B5262E103800952BC8;
					};
				};
			};
			buildConfigurationList = 963406B1262E103800952BC8 /* Build configuration list for PBXProject "SportsApp" */;
			compatibilityVersion = "Xcode 9.3";
			developmentRegion = en;
			hasScannedForEncodings = 0;
			knownRegions = (
				en,
				Base,
			);
			mainGroup = 963406AD262E103800952BC8;
			productRefGroup = 963406B7262E103900952BC8 /* Products */;
			projectDirPath = "";
			projectRoot = "";
			targets = (
				963406B5262E103800952BC8 /* SportsApp */,
				963406CE262E103E00952BC8 /* SportsAppTests */,
				963406D9262E103E00952BC8 /* SportsAppUITests */,
			);
		};
/* End PBXProject section */

/* Begin PBXResourcesBuildPhase section */
		963406B4262E103800952BC8 /* Resources */ = {
			isa = PBXResourcesBuildPhase;
			buildActionMask = 2147483647;
			files = (
				963406C9262E103D00952BC8 /* LaunchScreen.storyboard in Resources */,
				963406C6262E103D00952BC8 /* Assets.xcassets in Resources */,
				963406C1262E103900952BC8 /* Main.storyboard in Resources */,
			);
			runOnlyForDeploymentPostprocessing = 0;
		};
		963406CD262E103E00952BC8 /* Resources */ = {
			isa = PBXResourcesBuildPhase;
			buildActionMask = 2147483647;
			files = (
			);
			runOnlyForDeploymentPostprocessing = 0;
		};
		963406D8262E103E00952BC8 /* Resources */ = {
			isa = PBXResourcesBuildPhase;
			buildActionMask = 2147483647;
			files = (
			);
			runOnlyForDeploymentPostprocessing = 0;
		};
/* End PBXResourcesBuildPhase section */

/* Begin PBXShellScriptBuildPhase section */
		0836937E2FAAEB6395C1D574 /* [CP] Embed Pods Frameworks */ = {
			isa = PBXShellScriptBuildPhase;
			buildActionMask = 2147483647;
			files = (
			);
			inputFileListPaths = (
				"${PODS_ROOT}/Target Support Files/Pods-SportsApp/Pods-SportsApp-frameworks-${CONFIGURATION}-input-files.xcfilelist",
			);
			name = "[CP] Embed Pods Frameworks";
			outputFileListPaths = (
				"${PODS_ROOT}/Target Support Files/Pods-SportsApp/Pods-SportsApp-frameworks-${CONFIGURATION}-output-files.xcfilelist",
			);
			runOnlyForDeploymentPostprocessing = 0;
			shellPath = /bin/sh;
			shellScript = "\"${PODS_ROOT}/Target Support Files/Pods-SportsApp/Pods-SportsApp-frameworks.sh\"\n";
			showEnvVarsInLog = 0;
		};
		1F13AB4587F6FB2EF8EBE9F2 /* [CP] Check Pods Manifest.lock */ = {
			isa = PBXShellScriptBuildPhase;
			buildActionMask = 2147483647;
			files = (
			);
			inputFileListPaths = (
			);
			inputPaths = (
				"${PODS_PODFILE_DIR_PATH}/Podfile.lock",
				"${PODS_ROOT}/Manifest.lock",
			);
			name = "[CP] Check Pods Manifest.lock";
			outputFileListPaths = (
			);
			outputPaths = (
				"$(DERIVED_FILE_DIR)/Pods-SportsApp-SportsAppUITests-checkManifestLockResult.txt",
			);
			runOnlyForDeploymentPostprocessing = 0;
			shellPath = /bin/sh;
			shellScript = "diff \"${PODS_PODFILE_DIR_PATH}/Podfile.lock\" \"${PODS_ROOT}/Manifest.lock\" > /dev/null\nif [ $? != 0 ] ; then\n    # print error to STDERR\n    echo \"error: The sandbox is not in sync with the Podfile.lock. Run 'pod install' or update your CocoaPods installation.\" >&2\n    exit 1\nfi\n# This output is used by Xcode 'outputs' to avoid re-running this script phase.\necho \"SUCCESS\" > \"${SCRIPT_OUTPUT_FILE_0}\"\n";
			showEnvVarsInLog = 0;
		};
		4D9641B8CCED1F4AB408676B /* [CP] Check Pods Manifest.lock */ = {
			isa = PBXShellScriptBuildPhase;
			buildActionMask = 2147483647;
			files = (
			);
			inputFileListPaths = (
			);
			inputPaths = (
				"${PODS_PODFILE_DIR_PATH}/Podfile.lock",
				"${PODS_ROOT}/Manifest.lock",
			);
			name = "[CP] Check Pods Manifest.lock";
			outputFileListPaths = (
			);
			outputPaths = (
				"$(DERIVED_FILE_DIR)/Pods-SportsApp-checkManifestLockResult.txt",
			);
			runOnlyForDeploymentPostprocessing = 0;
			shellPath = /bin/sh;
			shellScript = "diff \"${PODS_PODFILE_DIR_PATH}/Podfile.lock\" \"${PODS_ROOT}/Manifest.lock\" > /dev/null\nif [ $? != 0 ] ; then\n    # print error to STDERR\n    echo \"error: The sandbox is not in sync with the Podfile.lock. Run 'pod install' or update your CocoaPods installation.\" >&2\n    exit 1\nfi\n# This output is used by Xcode 'outputs' to avoid re-running this script phase.\necho \"SUCCESS\" > \"${SCRIPT_OUTPUT_FILE_0}\"\n";
			showEnvVarsInLog = 0;
		};
		A10627C078A7B0DADBA89B9B /* [CP] Check Pods Manifest.lock */ = {
			isa = PBXShellScriptBuildPhase;
			buildActionMask = 2147483647;
			files = (
			);
			inputFileListPaths = (
			);
			inputPaths = (
				"${PODS_PODFILE_DIR_PATH}/Podfile.lock",
				"${PODS_ROOT}/Manifest.lock",
			);
			name = "[CP] Check Pods Manifest.lock";
			outputFileListPaths = (
			);
			outputPaths = (
				"$(DERIVED_FILE_DIR)/Pods-SportsAppTests-checkManifestLockResult.txt",
			);
			runOnlyForDeploymentPostprocessing = 0;
			shellPath = /bin/sh;
			shellScript = "diff \"${PODS_PODFILE_DIR_PATH}/Podfile.lock\" \"${PODS_ROOT}/Manifest.lock\" > /dev/null\nif [ $? != 0 ] ; then\n    # print error to STDERR\n    echo \"error: The sandbox is not in sync with the Podfile.lock. Run 'pod install' or update your CocoaPods installation.\" >&2\n    exit 1\nfi\n# This output is used by Xcode 'outputs' to avoid re-running this script phase.\necho \"SUCCESS\" > \"${SCRIPT_OUTPUT_FILE_0}\"\n";
			showEnvVarsInLog = 0;
		};
		FF2E716D3A940AA39E9678B2 /* [CP] Embed Pods Frameworks */ = {
			isa = PBXShellScriptBuildPhase;
			buildActionMask = 2147483647;
			files = (
			);
			inputFileListPaths = (
				"${PODS_ROOT}/Target Support Files/Pods-SportsApp-SportsAppUITests/Pods-SportsApp-SportsAppUITests-frameworks-${CONFIGURATION}-input-files.xcfilelist",
			);
			name = "[CP] Embed Pods Frameworks";
			outputFileListPaths = (
				"${PODS_ROOT}/Target Support Files/Pods-SportsApp-SportsAppUITests/Pods-SportsApp-SportsAppUITests-frameworks-${CONFIGURATION}-output-files.xcfilelist",
			);
			runOnlyForDeploymentPostprocessing = 0;
			shellPath = /bin/sh;
			shellScript = "\"${PODS_ROOT}/Target Support Files/Pods-SportsApp-SportsAppUITests/Pods-SportsApp-SportsAppUITests-frameworks.sh\"\n";
			showEnvVarsInLog = 0;
		};
/* End PBXShellScriptBuildPhase section */

/* Begin PBXSourcesBuildPhase section */
		963406B2262E103800952BC8 /* Sources */ = {
			isa = PBXSourcesBuildPhase;
			buildActionMask = 2147483647;
			files = (
				96E4BA58262FA5B300104A79 /* Countrys.swift in Sources */,
				96D52F6326307D7000DFF9AE /* URLs.swift in Sources */,
				961D4C462631C7FF00400991 /* LastEvents.swift in Sources */,
				4B4A254026321F6F0084131A /* TeamDetailsViewController.swift in Sources */,
				965CCFB9262F361B009D9D1D /* FavoriteTableViewController.swift in Sources */,
				96D52F672630C74100DFF9AE /* SportCollectionViewCell.swift in Sources */,
				961D4C522632274400400991 /* LeagueTeams.swift in Sources */,
				961D4C492631FA9E00400991 /* LeagueEventsViewModel.swift in Sources */,
				961D4C412631C74F00400991 /* UpCommingCollectionViewCell.swift in Sources */,
				96D52F662630C74100DFF9AE /* AllSportsViewController.swift in Sources */,
				96E4BA59262FA5B300104A79 /* Json4Swift_Base.swift in Sources */,
				961D4C5926324A5B00400991 /* LeagueEventsViewController.swift in Sources */,
				965CCFBB262F36B8009D9D1D /* FavoriteTableViewCell.swift in Sources */,
				963406BE262E103900952BC8 /* ViewController.swift in Sources */,
				961D4C4D263200D800400991 /* Events.swift in Sources */,
				963406BA262E103900952BC8 /* AppDelegate.swift in Sources */,
				963406C4262E103900952BC8 /* SportsApp.xcdatamodeld in Sources */,
				96D52F5E263077F300DFF9AE /* LeagueTableViewController.swift in Sources */,
				961D4C432631C74F00400991 /* TeamsCollectionViewCell.swift in Sources */,
				96E4BA5B262FA62800104A79 /* NetworkMonitor.swift in Sources */,
				961D4C4C263200D800400991 /* LastUpcommingEvents.swift in Sources */,
				961D4C532632274400400991 /* Teams.swift in Sources */,
				96D52F692630CD4200DFF9AE /* SportObj.swift in Sources */,
				961D4C422631C74F00400991 /* LastEventesTableViewCell.swift in Sources */,
				963406BC262E103900952BC8 /* SceneDelegate.swift in Sources */,
				96D52F6126307A4C00DFF9AE /* AllSports.swift in Sources */,
				965CCFC1262F502A009D9D1D /* SportsApiServies.swift in Sources */,
			);
			runOnlyForDeploymentPostprocessing = 0;
		};
		963406CB262E103E00952BC8 /* Sources */ = {
			isa = PBXSourcesBuildPhase;
			buildActionMask = 2147483647;
			files = (
				963406D4262E103E00952BC8 /* SportsAppTests.swift in Sources */,
			);
			runOnlyForDeploymentPostprocessing = 0;
		};
		963406D6262E103E00952BC8 /* Sources */ = {
			isa = PBXSourcesBuildPhase;
			buildActionMask = 2147483647;
			files = (
				963406DF262E103E00952BC8 /* SportsAppUITests.swift in Sources */,
			);
			runOnlyForDeploymentPostprocessing = 0;
		};
/* End PBXSourcesBuildPhase section */

/* Begin PBXTargetDependency section */
		963406D1262E103E00952BC8 /* PBXTargetDependency */ = {
			isa = PBXTargetDependency;
			target = 963406B5262E103800952BC8 /* SportsApp */;
			targetProxy = 963406D0262E103E00952BC8 /* PBXContainerItemProxy */;
		};
		963406DC262E103E00952BC8 /* PBXTargetDependency */ = {
			isa = PBXTargetDependency;
			target = 963406B5262E103800952BC8 /* SportsApp */;
			targetProxy = 963406DB262E103E00952BC8 /* PBXContainerItemProxy */;
		};
/* End PBXTargetDependency section */

/* Begin PBXVariantGroup section */
		963406BF262E103900952BC8 /* Main.storyboard */ = {
			isa = PBXVariantGroup;
			children = (
				963406C0262E103900952BC8 /* Base */,
			);
			name = Main.storyboard;
			sourceTree = "<group>";
		};
		963406C7262E103D00952BC8 /* LaunchScreen.storyboard */ = {
			isa = PBXVariantGroup;
			children = (
				963406C8262E103D00952BC8 /* Base */,
			);
			name = LaunchScreen.storyboard;
			sourceTree = "<group>";
		};
/* End PBXVariantGroup section */

/* Begin XCBuildConfiguration section */
		963406E1262E103E00952BC8 /* Debug */ = {
			isa = XCBuildConfiguration;
			buildSettings = {
				ALWAYS_SEARCH_USER_PATHS = NO;
				CLANG_ANALYZER_NONNULL = YES;
				CLANG_ANALYZER_NUMBER_OBJECT_CONVERSION = YES_AGGRESSIVE;
				CLANG_CXX_LANGUAGE_STANDARD = "gnu++14";
				CLANG_CXX_LIBRARY = "libc++";
				CLANG_ENABLE_MODULES = YES;
				CLANG_ENABLE_OBJC_ARC = YES;
				CLANG_ENABLE_OBJC_WEAK = YES;
				CLANG_WARN_BLOCK_CAPTURE_AUTORELEASING = YES;
				CLANG_WARN_BOOL_CONVERSION = YES;
				CLANG_WARN_COMMA = YES;
				CLANG_WARN_CONSTANT_CONVERSION = YES;
				CLANG_WARN_DEPRECATED_OBJC_IMPLEMENTATIONS = YES;
				CLANG_WARN_DIRECT_OBJC_ISA_USAGE = YES_ERROR;
				CLANG_WARN_DOCUMENTATION_COMMENTS = YES;
				CLANG_WARN_EMPTY_BODY = YES;
				CLANG_WARN_ENUM_CONVERSION = YES;
				CLANG_WARN_INFINITE_RECURSION = YES;
				CLANG_WARN_INT_CONVERSION = YES;
				CLANG_WARN_NON_LITERAL_NULL_CONVERSION = YES;
				CLANG_WARN_OBJC_IMPLICIT_RETAIN_SELF = YES;
				CLANG_WARN_OBJC_LITERAL_CONVERSION = YES;
				CLANG_WARN_OBJC_ROOT_CLASS = YES_ERROR;
				CLANG_WARN_RANGE_LOOP_ANALYSIS = YES;
				CLANG_WARN_STRICT_PROTOTYPES = YES;
				CLANG_WARN_SUSPICIOUS_MOVE = YES;
				CLANG_WARN_UNGUARDED_AVAILABILITY = YES_AGGRESSIVE;
				CLANG_WARN_UNREACHABLE_CODE = YES;
				CLANG_WARN__DUPLICATE_METHOD_MATCH = YES;
				COPY_PHASE_STRIP = NO;
				DEBUG_INFORMATION_FORMAT = dwarf;
				ENABLE_STRICT_OBJC_MSGSEND = YES;
				ENABLE_TESTABILITY = YES;
				GCC_C_LANGUAGE_STANDARD = gnu11;
				GCC_DYNAMIC_NO_PIC = NO;
				GCC_NO_COMMON_BLOCKS = YES;
				GCC_OPTIMIZATION_LEVEL = 0;
				GCC_PREPROCESSOR_DEFINITIONS = (
					"DEBUG=1",
					"$(inherited)",
				);
				GCC_WARN_64_TO_32_BIT_CONVERSION = YES;
				GCC_WARN_ABOUT_RETURN_TYPE = YES_ERROR;
				GCC_WARN_UNDECLARED_SELECTOR = YES;
				GCC_WARN_UNINITIALIZED_AUTOS = YES_AGGRESSIVE;
				GCC_WARN_UNUSED_FUNCTION = YES;
				GCC_WARN_UNUSED_VARIABLE = YES;
				IPHONEOS_DEPLOYMENT_TARGET = 13.0;
				MTL_ENABLE_DEBUG_INFO = INCLUDE_SOURCE;
				MTL_FAST_MATH = YES;
				ONLY_ACTIVE_ARCH = YES;
				SDKROOT = iphoneos;
				SWIFT_ACTIVE_COMPILATION_CONDITIONS = DEBUG;
				SWIFT_OPTIMIZATION_LEVEL = "-Onone";
			};
			name = Debug;
		};
		963406E2262E103E00952BC8 /* Release */ = {
			isa = XCBuildConfiguration;
			buildSettings = {
				ALWAYS_SEARCH_USER_PATHS = NO;
				CLANG_ANALYZER_NONNULL = YES;
				CLANG_ANALYZER_NUMBER_OBJECT_CONVERSION = YES_AGGRESSIVE;
				CLANG_CXX_LANGUAGE_STANDARD = "gnu++14";
				CLANG_CXX_LIBRARY = "libc++";
				CLANG_ENABLE_MODULES = YES;
				CLANG_ENABLE_OBJC_ARC = YES;
				CLANG_ENABLE_OBJC_WEAK = YES;
				CLANG_WARN_BLOCK_CAPTURE_AUTORELEASING = YES;
				CLANG_WARN_BOOL_CONVERSION = YES;
				CLANG_WARN_COMMA = YES;
				CLANG_WARN_CONSTANT_CONVERSION = YES;
				CLANG_WARN_DEPRECATED_OBJC_IMPLEMENTATIONS = YES;
				CLANG_WARN_DIRECT_OBJC_ISA_USAGE = YES_ERROR;
				CLANG_WARN_DOCUMENTATION_COMMENTS = YES;
				CLANG_WARN_EMPTY_BODY = YES;
				CLANG_WARN_ENUM_CONVERSION = YES;
				CLANG_WARN_INFINITE_RECURSION = YES;
				CLANG_WARN_INT_CONVERSION = YES;
				CLANG_WARN_NON_LITERAL_NULL_CONVERSION = YES;
				CLANG_WARN_OBJC_IMPLICIT_RETAIN_SELF = YES;
				CLANG_WARN_OBJC_LITERAL_CONVERSION = YES;
				CLANG_WARN_OBJC_ROOT_CLASS = YES_ERROR;
				CLANG_WARN_RANGE_LOOP_ANALYSIS = YES;
				CLANG_WARN_STRICT_PROTOTYPES = YES;
				CLANG_WARN_SUSPICIOUS_MOVE = YES;
				CLANG_WARN_UNGUARDED_AVAILABILITY = YES_AGGRESSIVE;
				CLANG_WARN_UNREACHABLE_CODE = YES;
				CLANG_WARN__DUPLICATE_METHOD_MATCH = YES;
				COPY_PHASE_STRIP = NO;
				DEBUG_INFORMATION_FORMAT = "dwarf-with-dsym";
				ENABLE_NS_ASSERTIONS = NO;
				ENABLE_STRICT_OBJC_MSGSEND = YES;
				GCC_C_LANGUAGE_STANDARD = gnu11;
				GCC_NO_COMMON_BLOCKS = YES;
				GCC_WARN_64_TO_32_BIT_CONVERSION = YES;
				GCC_WARN_ABOUT_RETURN_TYPE = YES_ERROR;
				GCC_WARN_UNDECLARED_SELECTOR = YES;
				GCC_WARN_UNINITIALIZED_AUTOS = YES_AGGRESSIVE;
				GCC_WARN_UNUSED_FUNCTION = YES;
				GCC_WARN_UNUSED_VARIABLE = YES;
				IPHONEOS_DEPLOYMENT_TARGET = 13.0;
				MTL_ENABLE_DEBUG_INFO = NO;
				MTL_FAST_MATH = YES;
				SDKROOT = iphoneos;
				SWIFT_COMPILATION_MODE = wholemodule;
				SWIFT_OPTIMIZATION_LEVEL = "-O";
				VALIDATE_PRODUCT = YES;
			};
			name = Release;
		};
		963406E4262E103E00952BC8 /* Debug */ = {
			isa = XCBuildConfiguration;
			baseConfigurationReference = 4E59323A975CA6B20A21433F /* Pods-SportsApp.debug.xcconfig */;
			buildSettings = {
				ASSETCATALOG_COMPILER_APPICON_NAME = AppIcon;
				CODE_SIGN_STYLE = Automatic;
				INFOPLIST_FILE = SportsApp/Info.plist;
				LD_RUNPATH_SEARCH_PATHS = (
					"$(inherited)",
					"@executable_path/Frameworks",
				);
				PRODUCT_BUNDLE_IDENTIFIER = tasneem.SportsApp;
				PRODUCT_NAME = "$(TARGET_NAME)";
				SWIFT_VERSION = 5.0;
				TARGETED_DEVICE_FAMILY = "1,2";
			};
			name = Debug;
		};
		963406E5262E103E00952BC8 /* Release */ = {
			isa = XCBuildConfiguration;
			baseConfigurationReference = FE5B9785DD8BC9103235A94D /* Pods-SportsApp.release.xcconfig */;
			buildSettings = {
				ASSETCATALOG_COMPILER_APPICON_NAME = AppIcon;
				CODE_SIGN_STYLE = Automatic;
				INFOPLIST_FILE = SportsApp/Info.plist;
				LD_RUNPATH_SEARCH_PATHS = (
					"$(inherited)",
					"@executable_path/Frameworks",
				);
				PRODUCT_BUNDLE_IDENTIFIER = tasneem.SportsApp;
				PRODUCT_NAME = "$(TARGET_NAME)";
				SWIFT_VERSION = 5.0;
				TARGETED_DEVICE_FAMILY = "1,2";
			};
			name = Release;
		};
		963406E7262E103E00952BC8 /* Debug */ = {
			isa = XCBuildConfiguration;
			baseConfigurationReference = 12714987AAF47FC939D217CF /* Pods-SportsAppTests.debug.xcconfig */;
			buildSettings = {
				ALWAYS_EMBED_SWIFT_STANDARD_LIBRARIES = YES;
				BUNDLE_LOADER = "$(TEST_HOST)";
				CODE_SIGN_STYLE = Automatic;
				INFOPLIST_FILE = SportsAppTests/Info.plist;
				IPHONEOS_DEPLOYMENT_TARGET = 13.0;
				LD_RUNPATH_SEARCH_PATHS = (
					"$(inherited)",
					"@executable_path/Frameworks",
					"@loader_path/Frameworks",
				);
				PRODUCT_BUNDLE_IDENTIFIER = tasneem.SportsAppTests;
				PRODUCT_NAME = "$(TARGET_NAME)";
				SWIFT_VERSION = 5.0;
				TARGETED_DEVICE_FAMILY = "1,2";
				TEST_HOST = "$(BUILT_PRODUCTS_DIR)/SportsApp.app/SportsApp";
			};
			name = Debug;
		};
		963406E8262E103E00952BC8 /* Release */ = {
			isa = XCBuildConfiguration;
			baseConfigurationReference = ACFDB77BE003D923B7C4CA24 /* Pods-SportsAppTests.release.xcconfig */;
			buildSettings = {
				ALWAYS_EMBED_SWIFT_STANDARD_LIBRARIES = YES;
				BUNDLE_LOADER = "$(TEST_HOST)";
				CODE_SIGN_STYLE = Automatic;
				INFOPLIST_FILE = SportsAppTests/Info.plist;
				IPHONEOS_DEPLOYMENT_TARGET = 13.0;
				LD_RUNPATH_SEARCH_PATHS = (
					"$(inherited)",
					"@executable_path/Frameworks",
					"@loader_path/Frameworks",
				);
				PRODUCT_BUNDLE_IDENTIFIER = tasneem.SportsAppTests;
				PRODUCT_NAME = "$(TARGET_NAME)";
				SWIFT_VERSION = 5.0;
				TARGETED_DEVICE_FAMILY = "1,2";
				TEST_HOST = "$(BUILT_PRODUCTS_DIR)/SportsApp.app/SportsApp";
			};
			name = Release;
		};
		963406EA262E103E00952BC8 /* Debug */ = {
			isa = XCBuildConfiguration;
			baseConfigurationReference = A2CA57772600851930112FE5 /* Pods-SportsApp-SportsAppUITests.debug.xcconfig */;
			buildSettings = {
				ALWAYS_EMBED_SWIFT_STANDARD_LIBRARIES = YES;
				CODE_SIGN_STYLE = Automatic;
				INFOPLIST_FILE = SportsAppUITests/Info.plist;
				LD_RUNPATH_SEARCH_PATHS = (
					"$(inherited)",
					"@executable_path/Frameworks",
					"@loader_path/Frameworks",
				);
				PRODUCT_BUNDLE_IDENTIFIER = tasneem.SportsAppUITests;
				PRODUCT_NAME = "$(TARGET_NAME)";
				SWIFT_VERSION = 5.0;
				TARGETED_DEVICE_FAMILY = "1,2";
				TEST_TARGET_NAME = SportsApp;
			};
			name = Debug;
		};
		963406EB262E103E00952BC8 /* Release */ = {
			isa = XCBuildConfiguration;
			baseConfigurationReference = 094B81CD76F73A3ECE549E6C /* Pods-SportsApp-SportsAppUITests.release.xcconfig */;
			buildSettings = {
				ALWAYS_EMBED_SWIFT_STANDARD_LIBRARIES = YES;
				CODE_SIGN_STYLE = Automatic;
				INFOPLIST_FILE = SportsAppUITests/Info.plist;
				LD_RUNPATH_SEARCH_PATHS = (
					"$(inherited)",
					"@executable_path/Frameworks",
					"@loader_path/Frameworks",
				);
				PRODUCT_BUNDLE_IDENTIFIER = tasneem.SportsAppUITests;
				PRODUCT_NAME = "$(TARGET_NAME)";
				SWIFT_VERSION = 5.0;
				TARGETED_DEVICE_FAMILY = "1,2";
				TEST_TARGET_NAME = SportsApp;
			};
			name = Release;
		};
/* End XCBuildConfiguration section */

/* Begin XCConfigurationList section */
		963406B1262E103800952BC8 /* Build configuration list for PBXProject "SportsApp" */ = {
			isa = XCConfigurationList;
			buildConfigurations = (
				963406E1262E103E00952BC8 /* Debug */,
				963406E2262E103E00952BC8 /* Release */,
			);
			defaultConfigurationIsVisible = 0;
			defaultConfigurationName = Release;
		};
		963406E3262E103E00952BC8 /* Build configuration list for PBXNativeTarget "SportsApp" */ = {
			isa = XCConfigurationList;
			buildConfigurations = (
				963406E4262E103E00952BC8 /* Debug */,
				963406E5262E103E00952BC8 /* Release */,
			);
			defaultConfigurationIsVisible = 0;
			defaultConfigurationName = Release;
		};
		963406E6262E103E00952BC8 /* Build configuration list for PBXNativeTarget "SportsAppTests" */ = {
			isa = XCConfigurationList;
			buildConfigurations = (
				963406E7262E103E00952BC8 /* Debug */,
				963406E8262E103E00952BC8 /* Release */,
			);
			defaultConfigurationIsVisible = 0;
			defaultConfigurationName = Release;
		};
		963406E9262E103E00952BC8 /* Build configuration list for PBXNativeTarget "SportsAppUITests" */ = {
			isa = XCConfigurationList;
			buildConfigurations = (
				963406EA262E103E00952BC8 /* Debug */,
				963406EB262E103E00952BC8 /* Release */,
			);
			defaultConfigurationIsVisible = 0;
			defaultConfigurationName = Release;
		};
/* End XCConfigurationList section */

/* Begin XCVersionGroup section */
		963406C2262E103900952BC8 /* SportsApp.xcdatamodeld */ = {
			isa = XCVersionGroup;
			children = (
				963406C3262E103900952BC8 /* SportsApp.xcdatamodel */,
			);
			currentVersion = 963406C3262E103900952BC8 /* SportsApp.xcdatamodel */;
			path = SportsApp.xcdatamodeld;
			sourceTree = "<group>";
			versionGroupType = wrapper.xcdatamodel;
		};
/* End XCVersionGroup section */
	};
	rootObject = 963406AE262E103800952BC8 /* Project object */;
}
